
Microsoft Visual Studio Solution File, Format Version 12.00
# Visual Studio Version 17
VisualStudioVersion = 17.9.34701.34
MinimumVisualStudioVersion = 10.0.40219.1
Project("{FAE04EC0-301F-11D3-BF4B-00C04F79EFBC}") = "Vetores", "Vetores\Vetores.csproj", "{C7A15197-876D-4037-9B44-C16425A7C71B}"
EndProject
Global
	GlobalSection(SolutionConfigurationPlatforms) = preSolution
		Debug|Any CPU = Debug|Any CPU
		Release|Any CPU = Release|Any CPU
	EndGlobalSection
	GlobalSection(ProjectConfigurationPlatforms) = postSolution
		{C7A15197-876D-4037-9B44-C16425A7C71B}.Debug|Any CPU.ActiveCfg = Debug|Any CPU
		{C7A15197-876D-4037-9B44-C16425A7C71B}.Debug|Any CPU.Build.0 = Debug|Any CPU
		{C7A15197-876D-4037-9B44-C16425A7C71B}.Release|Any CPU.ActiveCfg = Release|Any CPU
		{C7A15197-876D-4037-9B44-C16425A7C71B}.Release|Any CPU.Build.0 = Release|Any CPU
	EndGlobalSection
	GlobalSection(SolutionProperties) = preSolution
		HideSolutionNode = FALSE
	EndGlobalSection
	GlobalSection(ExtensibilityGlobals) = postSolution
		SolutionGuid = {A7BA31EE-5C21-4DD6-8BBB-333F9BB09780}
	EndGlobalSection
EndGlobal
